
Microsoft Visual Studio Solution File, Format Version 12.00
# Visual Studio Version 16
VisualStudioVersion = 16.0.29709.97
MinimumVisualStudioVersion = 10.0.40219.1
Project("{FAE04EC0-301F-11D3-BF4B-00C04F79EFBC}") = "WebCoreDemo1", "WebCoreDemo1\WebCoreDemo1.csproj", "{05D11198-A7F5-4161-83DF-CA7B52A42FF3}"
EndProject
Global
	GlobalSection(SolutionConfigurationPlatforms) = preSolution
		Debug|Any CPU = Debug|Any CPU
		Release|Any CPU = Release|Any CPU
	EndGlobalSection
	GlobalSection(ProjectConfigurationPlatforms) = postSolution
		{05D11198-A7F5-4161-83DF-CA7B52A42FF3}.Debug|Any CPU.ActiveCfg = Debug|Any CPU
		{05D11198-A7F5-4161-83DF-CA7B52A42FF3}.Debug|Any CPU.Build.0 = Debug|Any CPU
		{05D11198-A7F5-4161-83DF-CA7B52A42FF3}.Release|Any CPU.ActiveCfg = Release|Any CPU
		{05D11198-A7F5-4161-83DF-CA7B52A42FF3}.Release|Any CPU.Build.0 = Release|Any CPU
	EndGlobalSection
	GlobalSection(SolutionProperties) = preSolution
		HideSolutionNode = FALSE
	EndGlobalSection
	GlobalSection(ExtensibilityGlobals) = postSolution
		SolutionGuid = {3E532EE0-DA93-4D30-B60C-78E476BDE8A4}
	EndGlobalSection
EndGlobal
